
Microsoft Visual Studio Solution File, Format Version 12.00
# Visual Studio Version 17
VisualStudioVersion = 17.9.34902.65
MinimumVisualStudioVersion = 10.0.40219.1
Project("{FAE04EC0-301F-11D3-BF4B-00C04F79EFBC}") = "pokedex-web", "pokedex-web\pokedex-web.csproj", "{9F6385CD-E1FD-4094-B414-B5BFA124C72A}"
EndProject
Global
	GlobalSection(SolutionConfigurationPlatforms) = preSolution
		Debug|Any CPU = Debug|Any CPU
		Release|Any CPU = Release|Any CPU
	EndGlobalSection
	GlobalSection(ProjectConfigurationPlatforms) = postSolution
		{9F6385CD-E1FD-4094-B414-B5BFA124C72A}.Debug|Any CPU.ActiveCfg = Debug|Any CPU
		{9F6385CD-E1FD-4094-B414-B5BFA124C72A}.Debug|Any CPU.Build.0 = Debug|Any CPU
		{9F6385CD-E1FD-4094-B414-B5BFA124C72A}.Release|Any CPU.ActiveCfg = Release|Any CPU
		{9F6385CD-E1FD-4094-B414-B5BFA124C72A}.Release|Any CPU.Build.0 = Release|Any CPU
	EndGlobalSection
	GlobalSection(SolutionProperties) = preSolution
		HideSolutionNode = FALSE
	EndGlobalSection
	GlobalSection(ExtensibilityGlobals) = postSolution
		SolutionGuid = {9BA4CF2A-A56B-48E5-AF50-DD8FCB3511E1}
	EndGlobalSection
EndGlobal
